
Microsoft Visual Studio Solution File, Format Version 11.00
# Visual Studio 2010
Project("{FAE04EC0-301F-11D3-BF4B-00C04F79EFBC}") = "boinc_manager", "boinc_manager\boinc_manager.csproj", "{5116F54F-33F1-47B5-8707-F8DA881ACD7E}"
EndProject
Global
	GlobalSection(SolutionConfigurationPlatforms) = preSolution
		Debug|x86 = Debug|x86
		Release|x86 = Release|x86
	EndGlobalSection
	GlobalSection(ProjectConfigurationPlatforms) = postSolution
		{5116F54F-33F1-47B5-8707-F8DA881ACD7E}.Debug|x86.ActiveCfg = Debug|x86
		{5116F54F-33F1-47B5-8707-F8DA881ACD7E}.Debug|x86.Build.0 = Debug|x86
		{5116F54F-33F1-47B5-8707-F8DA881ACD7E}.Release|x86.ActiveCfg = Release|x86
		{5116F54F-33F1-47B5-8707-F8DA881ACD7E}.Release|x86.Build.0 = Release|x86
	EndGlobalSection
	GlobalSection(SolutionProperties) = preSolution
		HideSolutionNode = FALSE
	EndGlobalSection
EndGlobal
